// !$*UTF8*$!
{
	archiveVersion = 1;
	classes = {
	};
	objectVersion = 46;
	objects = {

/* Begin PBXBuildFile section */
		D451CF1B1DAB9A2A00A3D8F2 /* AppDelegate.swift in Sources */ = {isa = PBXBuildFile; fileRef = D451CF1A1DAB9A2A00A3D8F2 /* AppDelegate.swift */; };
		D451CF1D1DAB9A2A00A3D8F2 /* ViewController.swift in Sources */ = {isa = PBXBuildFile; fileRef = D451CF1C1DAB9A2A00A3D8F2 /* ViewController.swift */; };
		D451CF201DAB9A2A00A3D8F2 /* Main.storyboard in Resources */ = {isa = PBXBuildFile; fileRef = D451CF1E1DAB9A2A00A3D8F2 /* Main.storyboard */; };
		D451CF221DAB9A2A00A3D8F2 /* Assets.xcassets in Resources */ = {isa = PBXBuildFile; fileRef = D451CF211DAB9A2A00A3D8F2 /* Assets.xcassets */; };
		D451CF251DAB9A2A00A3D8F2 /* LaunchScreen.storyboard in Resources */ = {isa = PBXBuildFile; fileRef = D451CF231DAB9A2A00A3D8F2 /* LaunchScreen.storyboard */; };
		D451CF301DAB9A2A00A3D8F2 /* UITestsDemoTests.swift in Sources */ = {isa = PBXBuildFile; fileRef = D451CF2F1DAB9A2A00A3D8F2 /* UITestsDemoTests.swift */; };
		D451CF3B1DAB9A2A00A3D8F2 /* UITestsDemoUITests.swift in Sources */ = {isa = PBXBuildFile; fileRef = D451CF3A1DAB9A2A00A3D8F2 /* UITestsDemoUITests.swift */; };
/* End PBXBuildFile section */

/* Begin PBXContainerItemProxy section */
		D451CF2C1DAB9A2A00A3D8F2 /* PBXContainerItemProxy */ = {
			isa = PBXContainerItemProxy;
			containerPortal = D451CF0F1DAB9A2A00A3D8F2 /* Project object */;
			proxyType = 1;
			remoteGlobalIDString = D451CF161DAB9A2A00A3D8F2;
			remoteInfo = UITestsDemo;
		};
		D451CF371DAB9A2A00A3D8F2 /* PBXContainerItemProxy */ = {
			isa = PBXContainerItemProxy;
			containerPortal = D451CF0F1DAB9A2A00A3D8F2 /* Project object */;
			proxyType = 1;
			remoteGlobalIDString = D451CF161DAB9A2A00A3D8F2;
			remoteInfo = UITestsDemo;
		};
/* End PBXContainerItemProxy section */

/* Begin PBXFileReference section */
		D451CF171DAB9A2A00A3D8F2 /* UITestsDemo.app */ = {isa = PBXFileReference; explicitFileType = wrapper.application; includeInIndex = 0; path = UITestsDemo.app; sourceTree = BUILT_PRODUCTS_DIR; };
		D451CF1A1DAB9A2A00A3D8F2 /* AppDelegate.swift */ = {isa = PBXFileReference; lastKnownFileType = sourcecode.swift; path = AppDelegate.swift; sourceTree = "<group>"; };
		D451CF1C1DAB9A2A00A3D8F2 /* ViewController.swift */ = {isa = PBXFileReference; lastKnownFileType = sourcecode.swift; path = ViewController.swift; sourceTree = "<group>"; };
		D451CF1F1DAB9A2A00A3D8F2 /* Base */ = {isa = PBXFileReference; lastKnownFileType = file.storyboard; name = Base; path = Base.lproj/Main.storyboard; sourceTree = "<group>"; };
		D451CF211DAB9A2A00A3D8F2 /* Assets.xcassets */ = {isa = PBXFileReference; lastKnownFileType = folder.assetcatalog; path = Assets.xcassets; sourceTree = "<group>"; };
		D451CF241DAB9A2A00A3D8F2 /* Base */ = {isa = PBXFileReference; lastKnownFileType = file.storyboard; name = Base; path = Base.lproj/LaunchScreen.storyboard; sourceTree = "<group>"; };
		D451CF261DAB9A2A00A3D8F2 /* Info.plist */ = {isa = PBXFileReference; lastKnownFileType = text.plist.xml; path = Info.plist; sourceTree = "<group>"; };
		D451CF2B1DAB9A2A00A3D8F2 /* UITestsDemoTests.xctest */ = {isa = PBXFileReference; explicitFileType = wrapper.cfbundle; includeInIndex = 0; path = UITestsDemoTests.xctest; sourceTree = BUILT_PRODUCTS_DIR; };
		D451CF2F1DAB9A2A00A3D8F2 /* UITestsDemoTests.swift */ = {isa = PBXFileReference; lastKnownFileType = sourcecode.swift; path = UITestsDemoTests.swift; sourceTree = "<group>"; };
		D451CF311DAB9A2A00A3D8F2 /* Info.plist */ = {isa = PBXFileReference; lastKnownFileType = text.plist.xml; path = Info.plist; sourceTree = "<group>"; };
		D451CF361DAB9A2A00A3D8F2 /* UITestsDemoUITests.xctest */ = {isa = PBXFileReference; explicitFileType = wrapper.cfbundle; includeInIndex = 0; path = UITestsDemoUITests.xctest; sourceTree = BUILT_PRODUCTS_DIR; };
		D451CF3A1DAB9A2A00A3D8F2 /* UITestsDemoUITests.swift */ = {isa = PBXFileReference; lastKnownFileType = sourcecode.swift; path = UITestsDemoUITests.swift; sourceTree = "<group>"; };
		D451CF3C1DAB9A2A00A3D8F2 /* Info.plist */ = {isa = PBXFileReference; lastKnownFileType = text.plist.xml; path = Info.plist; sourceTree = "<group>"; };
/* End PBXFileReference section */

/* Begin PBXFrameworksBuildPhase section */
		D451CF141DAB9A2A00A3D8F2 /* Frameworks */ = {
			isa = PBXFrameworksBuildPhase;
			buildActionMask = 2147483647;
			files = (
			);
			runOnlyForDeploymentPostprocessing = 0;
		};
		D451CF281DAB9A2A00A3D8F2 /* Frameworks */ = {
			isa = PBXFrameworksBuildPhase;
			buildActionMask = 2147483647;
			files = (
			);
			runOnlyForDeploymentPostprocessing = 0;
		};
		D451CF331DAB9A2A00A3D8F2 /* Frameworks */ = {
			isa = PBXFrameworksBuildPhase;
			buildActionMask = 2147483647;
			files = (
			);
			runOnlyForDeploymentPostprocessing = 0;
		};
/* End PBXFrameworksBuildPhase section */

/* Begin PBXGroup section */
		D451CF0E1DAB9A2A00A3D8F2 = {
			isa = PBXGroup;
			children = (
				D451CF191DAB9A2A00A3D8F2 /* UITestsDemo */,
				D451CF2E1DAB9A2A00A3D8F2 /* UITestsDemoTests */,
				D451CF391DAB9A2A00A3D8F2 /* UITestsDemoUITests */,
				D451CF181DAB9A2A00A3D8F2 /* Products */,
			);
			sourceTree = "<group>";
		};
		D451CF181DAB9A2A00A3D8F2 /* Products */ = {
			isa = PBXGroup;
			children = (
				D451CF171DAB9A2A00A3D8F2 /* UITestsDemo.app */,
				D451CF2B1DAB9A2A00A3D8F2 /* UITestsDemoTests.xctest */,
				D451CF361DAB9A2A00A3D8F2 /* UITestsDemoUITests.xctest */,
			);
			name = Products;
			sourceTree = "<group>";
		};
		D451CF191DAB9A2A00A3D8F2 /* UITestsDemo */ = {
			isa = PBXGroup;
			children = (
				D451CF1A1DAB9A2A00A3D8F2 /* AppDelegate.swift */,
				D451CF1C1DAB9A2A00A3D8F2 /* ViewController.swift */,
				D451CF1E1DAB9A2A00A3D8F2 /* Main.storyboard */,
				D451CF211DAB9A2A00A3D8F2 /* Assets.xcassets */,
				D451CF231DAB9A2A00A3D8F2 /* LaunchScreen.storyboard */,
				D451CF261DAB9A2A00A3D8F2 /* Info.plist */,
			);
			path = UITestsDemo;
			sourceTree = "<group>";
		};
		D451CF2E1DAB9A2A00A3D8F2 /* UITestsDemoTests */ = {
			isa = PBXGroup;
			children = (
				D451CF2F1DAB9A2A00A3D8F2 /* UITestsDemoTests.swift */,
				D451CF311DAB9A2A00A3D8F2 /* Info.plist */,
			);
			path = UITestsDemoTests;
			sourceTree = "<group>";
		};
		D451CF391DAB9A2A00A3D8F2 /* UITestsDemoUITests */ = {
			isa = PBXGroup;
			children = (
				D451CF3A1DAB9A2A00A3D8F2 /* UITestsDemoUITests.swift */,
				D451CF3C1DAB9A2A00A3D8F2 /* Info.plist */,
			);
			path = UITestsDemoUITests;
			sourceTree = "<group>";
		};
/* End PBXGroup section */

/* Begin PBXNativeTarget section */
		D451CF161DAB9A2A00A3D8F2 /* UITestsDemo */ = {
			isa = PBXNativeTarget;
			buildConfigurationList = D451CF3F1DAB9A2A00A3D8F2 /* Build configuration list for PBXNativeTarget "UITestsDemo" */;
			buildPhases = (
				D451CF131DAB9A2A00A3D8F2 /* Sources */,
				D451CF141DAB9A2A00A3D8F2 /* Frameworks */,
				D451CF151DAB9A2A00A3D8F2 /* Resources */,
			);
			buildRules = (
			);
			dependencies = (
			);
			name = UITestsDemo;
			productName = UITestsDemo;
			productReference = D451CF171DAB9A2A00A3D8F2 /* UITestsDemo.app */;
			productType = "com.apple.product-type.application";
		};
		D451CF2A1DAB9A2A00A3D8F2 /* UITestsDemoTests */ = {
			isa = PBXNativeTarget;
			buildConfigurationList = D451CF421DAB9A2A00A3D8F2 /* Build configuration list for PBXNativeTarget "UITestsDemoTests" */;
			buildPhases = (
				D451CF271DAB9A2A00A3D8F2 /* Sources */,
				D451CF281DAB9A2A00A3D8F2 /* Frameworks */,
				D451CF291DAB9A2A00A3D8F2 /* Resources */,
			);
			buildRules = (
			);
			dependencies = (
				D451CF2D1DAB9A2A00A3D8F2 /* PBXTargetDependency */,
			);
			name = UITestsDemoTests;
			productName = UITestsDemoTests;
			productReference = D451CF2B1DAB9A2A00A3D8F2 /* UITestsDemoTests.xctest */;
			productType = "com.apple.product-type.bundle.unit-test";
		};
		D451CF351DAB9A2A00A3D8F2 /* UITestsDemoUITests */ = {
			isa = PBXNativeTarget;
			buildConfigurationList = D451CF451DAB9A2A00A3D8F2 /* Build configuration list for PBXNativeTarget "UITestsDemoUITests" */;
			buildPhases = (
				D451CF321DAB9A2A00A3D8F2 /* Sources */,
				D451CF331DAB9A2A00A3D8F2 /* Frameworks */,
				D451CF341DAB9A2A00A3D8F2 /* Resources */,
			);
			buildRules = (
			);
			dependencies = (
				D451CF381DAB9A2A00A3D8F2 /* PBXTargetDependency */,
			);
			name = UITestsDemoUITests;
			productName = UITestsDemoUITests;
			productReference = D451CF361DAB9A2A00A3D8F2 /* UITestsDemoUITests.xctest */;
			productType = "com.apple.product-type.bundle.ui-testing";
		};
/* End PBXNativeTarget section */

/* Begin PBXProject section */
		D451CF0F1DAB9A2A00A3D8F2 /* Project object */ = {
			isa = PBXProject;
			attributes = {
				LastSwiftUpdateCheck = 0710;
				LastUpgradeCheck = 0710;
				ORGANIZATIONNAME = gaoqinghua;
				TargetAttributes = {
					D451CF161DAB9A2A00A3D8F2 = {
						CreatedOnToolsVersion = 7.1;
						DevelopmentTeam = Z255ASRC67;
					};
					D451CF2A1DAB9A2A00A3D8F2 = {
						CreatedOnToolsVersion = 7.1;
						TestTargetID = D451CF161DAB9A2A00A3D8F2;
					};
					D451CF351DAB9A2A00A3D8F2 = {
						CreatedOnToolsVersion = 7.1;
						TestTargetID = D451CF161DAB9A2A00A3D8F2;
					};
				};
			};
			buildConfigurationList = D451CF121DAB9A2A00A3D8F2 /* Build configuration list for PBXProject "UITestsDemo" */;
			compatibilityVersion = "Xcode 3.2";
			developmentRegion = English;
			hasScannedForEncodings = 0;
			knownRegions = (
				en,
				Base,
			);
			mainGroup = D451CF0E1DAB9A2A00A3D8F2;
			productRefGroup = D451CF181DAB9A2A00A3D8F2 /* Products */;
			projectDirPath = "";
			projectRoot = "";
			targets = (
				D451CF161DAB9A2A00A3D8F2 /* UITestsDemo */,
				D451CF2A1DAB9A2A00A3D8F2 /* UITestsDemoTests */,
				D451CF351DAB9A2A00A3D8F2 /* UITestsDemoUITests */,
			);
		};
/* End PBXProject section */

/* Begin PBXResourcesBuildPhase section */
		D451CF151DAB9A2A00A3D8F2 /* Resources */ = {
			isa = PBXResourcesBuildPhase;
			buildActionMask = 2147483647;
			files = (
				D451CF251DAB9A2A00A3D8F2 /* LaunchScreen.storyboard in Resources */,
				D451CF221DAB9A2A00A3D8F2 /* Assets.xcassets in Resources */,
				D451CF201DAB9A2A00A3D8F2 /* Main.storyboard in Resources */,
			);
			runOnlyForDeploymentPostprocessing = 0;
		};
		D451CF291DAB9A2A00A3D8F2 /* Resources */ = {
			isa = PBXResourcesBuildPhase;
			buildActionMask = 2147483647;
			files = (
			);
			runOnlyForDeploymentPostprocessing = 0;
		};
		D451CF341DAB9A2A00A3D8F2 /* Resources */ = {
			isa = PBXResourcesBuildPhase;
			buildActionMask = 2147483647;
			files = (
			);
			runOnlyForDeploymentPostprocessing = 0;
		};
/* End PBXResourcesBuildPhase section */

/* Begin PBXSourcesBuildPhase section */
		D451CF131DAB9A2A00A3D8F2 /* Sources */ = {
			isa = PBXSourcesBuildPhase;
			buildActionMask = 2147483647;
			files = (
				D451CF1D1DAB9A2A00A3D8F2 /* ViewController.swift in Sources */,
				D451CF1B1DAB9A2A00A3D8F2 /* AppDelegate.swift in Sources */,
			);
			runOnlyForDeploymentPostprocessing = 0;
		};
		D451CF271DAB9A2A00A3D8F2 /* Sources */ = {
			isa = PBXSourcesBuildPhase;
			buildActionMask = 2147483647;
			files = (
				D451CF301DAB9A2A00A3D8F2 /* UITestsDemoTests.swift in Sources */,
			);
			runOnlyForDeploymentPostprocessing = 0;
		};
		D451CF321DAB9A2A00A3D8F2 /* Sources */ = {
			isa = PBXSourcesBuildPhase;
			buildActionMask = 2147483647;
			files = (
				D451CF3B1DAB9A2A00A3D8F2 /* UITestsDemoUITests.swift in Sources */,
			);
			runOnlyForDeploymentPostprocessing = 0;
		};
/* End PBXSourcesBuildPhase section */

/* Begin PBXTargetDependency section */
		D451CF2D1DAB9A2A00A3D8F2 /* PBXTargetDependency */ = {
			isa = PBXTargetDependency;
			target = D451CF161DAB9A2A00A3D8F2 /* UITestsDemo */;
			targetProxy = D451CF2C1DAB9A2A00A3D8F2 /* PBXContainerItemProxy */;
		};
		D451CF381DAB9A2A00A3D8F2 /* PBXTargetDependency */ = {
			isa = PBXTargetDependency;
			target = D451CF161DAB9A2A00A3D8F2 /* UITestsDemo */;
			targetProxy = D451CF371DAB9A2A00A3D8F2 /* PBXContainerItemProxy */;
		};
/* End PBXTargetDependency section */

/* Begin PBXVariantGroup section */
		D451CF1E1DAB9A2A00A3D8F2 /* Main.storyboard */ = {
			isa = PBXVariantGroup;
			children = (
				D451CF1F1DAB9A2A00A3D8F2 /* Base */,
			);
			name = Main.storyboard;
			sourceTree = "<group>";
		};
		D451CF231DAB9A2A00A3D8F2 /* LaunchScreen.storyboard */ = {
			isa = PBXVariantGroup;
			children = (
				D451CF241DAB9A2A00A3D8F2 /* Base */,
			);
			name = LaunchScreen.storyboard;
			sourceTree = "<group>";
		};
/* End PBXVariantGroup section */

/* Begin XCBuildConfiguration section */
		D451CF3D1DAB9A2A00A3D8F2 /* Debug */ = {
			isa = XCBuildConfiguration;
			buildSettings = {
				ALWAYS_SEARCH_USER_PATHS = NO;
				CLANG_CXX_LANGUAGE_STANDARD = "gnu++0x";
				CLANG_CXX_LIBRARY = "libc++";
				CLANG_ENABLE_MODULES = YES;
				CLANG_ENABLE_OBJC_ARC = YES;
				CLANG_WARN_BOOL_CONVERSION = YES;
				CLANG_WARN_CONSTANT_CONVERSION = YES;
				CLANG_WARN_DIRECT_OBJC_ISA_USAGE = YES_ERROR;
				CLANG_WARN_EMPTY_BODY = YES;
				CLANG_WARN_ENUM_CONVERSION = YES;
				CLANG_WARN_INT_CONVERSION = YES;
				CLANG_WARN_OBJC_ROOT_CLASS = YES_ERROR;
				CLANG_WARN_UNREACHABLE_CODE = YES;
				CLANG_WARN__DUPLICATE_METHOD_MATCH = YES;
				"CODE_SIGN_IDENTITY[sdk=iphoneos*]" = "iPhone Developer";
				COPY_PHASE_STRIP = NO;
				DEBUG_INFORMATION_FORMAT = dwarf;
				ENABLE_STRICT_OBJC_MSGSEND = YES;
				ENABLE_TESTABILITY = YES;
				GCC_C_LANGUAGE_STANDARD = gnu99;
				GCC_DYNAMIC_NO_PIC = NO;
				GCC_NO_COMMON_BLOCKS = YES;
				GCC_OPTIMIZATION_LEVEL = 0;
				GCC_PREPROCESSOR_DEFINITIONS = (
					"DEBUG=1",
					"$(inherited)",
				);
				GCC_WARN_64_TO_32_BIT_CONVERSION = YES;
				GCC_WARN_ABOUT_RETURN_TYPE = YES_ERROR;
				GCC_WARN_UNDECLARED_SELECTOR = YES;
				GCC_WARN_UNINITIALIZED_AUTOS = YES_AGGRESSIVE;
				GCC_WARN_UNUSED_FUNCTION = YES;
				GCC_WARN_UNUSED_VARIABLE = YES;
				IPHONEOS_DEPLOYMENT_TARGET = 9.1;
				MTL_ENABLE_DEBUG_INFO = YES;
				ONLY_ACTIVE_ARCH = YES;
				SDKROOT = iphoneos;
				SWIFT_OPTIMIZATION_LEVEL = "-Onone";
			};
			name = Debug;
		};
		D451CF3E1DAB9A2A00A3D8F2 /* Release */ = {
			isa = XCBuildConfiguration;
			buildSettings = {
				ALWAYS_SEARCH_USER_PATHS = NO;
				CLANG_CXX_LANGUAGE_STANDARD = "gnu++0x";
				CLANG_CXX_LIBRARY = "libc++";
				CLANG_ENABLE_MODULES = YES;
				CLANG_ENABLE_OBJC_ARC = YES;
				CLANG_WARN_BOOL_CONVERSION = YES;
				CLANG_WARN_CONSTANT_CONVERSION = YES;
				CLANG_WARN_DIRECT_OBJC_ISA_USAGE = YES_ERROR;
				CLANG_WARN_EMPTY_BODY = YES;
				CLANG_WARN_ENUM_CONVERSION = YES;
				CLANG_WARN_INT_CONVERSION = YES;
				CLANG_WARN_OBJC_ROOT_CLASS = YES_ERROR;
				CLANG_WARN_UNREACHABLE_CODE = YES;
				CLANG_WARN__DUPLICATE_METHOD_MATCH = YES;
				"CODE_SIGN_IDENTITY[sdk=iphoneos*]" = "iPhone Developer";
				COPY_PHASE_STRIP = NO;
				DEBUG_INFORMATION_FORMAT = "dwarf-with-dsym";
				ENABLE_NS_ASSERTIONS = NO;
				ENABLE_STRICT_OBJC_MSGSEND = YES;
				GCC_C_LANGUAGE_STANDARD = gnu99;
				GCC_NO_COMMON_BLOCKS = YES;
				GCC_WARN_64_TO_32_BIT_CONVERSION = YES;
				GCC_WARN_ABOUT_RETURN_TYPE = YES_ERROR;
				GCC_WARN_UNDECLARED_SELECTOR = YES;
				GCC_WARN_UNINITIALIZED_AUTOS = YES_AGGRESSIVE;
				GCC_WARN_UNUSED_FUNCTION = YES;
				GCC_WARN_UNUSED_VARIABLE = YES;
				IPHONEOS_DEPLOYMENT_TARGET = 9.1;
				MTL_ENABLE_DEBUG_INFO = NO;
				SDKROOT = iphoneos;
				VALIDATE_PRODUCT = YES;
			};
			name = Release;
		};
		D451CF401DAB9A2A00A3D8F2 /* Debug */ = {
			isa = XCBuildConfiguration;
			buildSettings = {
				ASSETCATALOG_COMPILER_APPICON_NAME = AppIcon;
				CODE_SIGN_IDENTITY = "iPhone Developer";
				INFOPLIST_FILE = UITestsDemo/Info.plist;
				LD_RUNPATH_SEARCH_PATHS = "$(inherited) @executable_path/Frameworks";
				PRODUCT_BUNDLE_IDENTIFIER = com.gaoqinghua.UITestsDemo;
				PRODUCT_NAME = "$(TARGET_NAME)";
			};
			name = Debug;
		};
		D451CF411DAB9A2A00A3D8F2 /* Release */ = {
			isa = XCBuildConfiguration;
			buildSettings = {
				ASSETCATALOG_COMPILER_APPICON_NAME = AppIcon;
				CODE_SIGN_IDENTITY = "iPhone Developer";
				INFOPLIST_FILE = UITestsDemo/Info.plist;
				LD_RUNPATH_SEARCH_PATHS = "$(inherited) @executable_path/Frameworks";
				PRODUCT_BUNDLE_IDENTIFIER = com.gaoqinghua.UITestsDemo;
				PRODUCT_NAME = "$(TARGET_NAME)";
			};
			name = Release;
		};
		D451CF431DAB9A2A00A3D8F2 /* Debug */ = {
			isa = XCBuildConfiguration;
			buildSettings = {
				BUNDLE_LOADER = "$(TEST_HOST)";
				INFOPLIST_FILE = UITestsDemoTests/Info.plist;
				LD_RUNPATH_SEARCH_PATHS = "$(inherited) @executable_path/Frameworks @loader_path/Frameworks";
				PRODUCT_BUNDLE_IDENTIFIER = com.gaoqinghua.UITestsDemoTests;
				PRODUCT_NAME = "$(TARGET_NAME)";
				TEST_HOST = "$(BUILT_PRODUCTS_DIR)/UITestsDemo.app/UITestsDemo";
			};
			name = Debug;
		};
		D451CF441DAB9A2A00A3D8F2 /* Release */ = {
			isa = XCBuildConfiguration;
			buildSettings = {
				BUNDLE_LOADER = "$(TEST_HOST)";
				INFOPLIST_FILE = UITestsDemoTests/Info.plist;
				LD_RUNPATH_SEARCH_PATHS = "$(inherited) @executable_path/Frameworks @loader_path/Frameworks";
				PRODUCT_BUNDLE_IDENTIFIER = com.gaoqinghua.UITestsDemoTests;
				PRODUCT_NAME = "$(TARGET_NAME)";
				TEST_HOST = "$(BUILT_PRODUCTS_DIR)/UITestsDemo.app/UITestsDemo";
			};
			name = Release;
		};
		D451CF461DAB9A2A00A3D8F2 /* Debug */ = {
			isa = XCBuildConfiguration;
			buildSettings = {
				INFOPLIST_FILE = UITestsDemoUITests/Info.plist;
				LD_RUNPATH_SEARCH_PATHS = "$(inherited) @executable_path/Frameworks @loader_path/Frameworks";
				PRODUCT_BUNDLE_IDENTIFIER = com.gaoqinghua.UITestsDemoUITests;
				PRODUCT_NAME = "$(TARGET_NAME)";
				TEST_TARGET_NAME = UITestsDemo;
				USES_XCTRUNNER = YES;
			};
			name = Debug;
		};
		D451CF471DAB9A2A00A3D8F2 /* Release */ = {
			isa = XCBuildConfiguration;
			buildSettings = {
				INFOPLIST_FILE = UITestsDemoUITests/Info.plist;
				LD_RUNPATH_SEARCH_PATHS = "$(inherited) @executable_path/Frameworks @loader_path/Frameworks";
				PRODUCT_BUNDLE_IDENTIFIER = com.gaoqinghua.UITestsDemoUITests;
				PRODUCT_NAME = "$(TARGET_NAME)";
				TEST_TARGET_NAME = UITestsDemo;
				USES_XCTRUNNER = YES;
			};
			name = Release;
		};
/* End XCBuildConfiguration section */

/* Begin XCConfigurationList section */
		D451CF121DAB9A2A00A3D8F2 /* Build configuration list for PBXProject "UITestsDemo" */ = {
			isa = XCConfigurationList;
			buildConfigurations = (
				D451CF3D1DAB9A2A00A3D8F2 /* Debug */,
				D451CF3E1DAB9A2A00A3D8F2 /* Release */,
			);
			defaultConfigurationIsVisible = 0;
			defaultConfigurationName = Release;
		};
		D451CF3F1DAB9A2A00A3D8F2 /* Build configuration list for PBXNativeTarget "UITestsDemo" */ = {
			isa = XCConfigurationList;
			buildConfigurations = (
				D451CF401DAB9A2A00A3D8F2 /* Debug */,
				D451CF411DAB9A2A00A3D8F2 /* Release */,
			);
			defaultConfigurationIsVisible = 0;
		};
		D451CF421DAB9A2A00A3D8F2 /* Build configuration list for PBXNativeTarget "UITestsDemoTests" */ = {
			isa = XCConfigurationList;
			buildConfigurations = (
				D451CF431DAB9A2A00A3D8F2 /* Debug */,
				D451CF441DAB9A2A00A3D8F2 /* Release */,
			);
			defaultConfigurationIsVisible = 0;
		};
		D451CF451DAB9A2A00A3D8F2 /* Build configuration list for PBXNativeTarget "UITestsDemoUITests" */ = {
			isa = XCConfigurationList;
			buildConfigurations = (
				D451CF461DAB9A2A00A3D8F2 /* Debug */,
				D451CF471DAB9A2A00A3D8F2 /* Release */,
			);
			defaultConfigurationIsVisible = 0;
		};
/* End XCConfigurationList section */
	};
	rootObject = D451CF0F1DAB9A2A00A3D8F2 /* Project object */;
}
